
Microsoft Visual Studio Solution File, Format Version 12.00
# Visual Studio 14
VisualStudioVersion = 14.0.22823.1
MinimumVisualStudioVersion = 10.0.40219.1
Project("{8BC9CEB8-8B4A-11D0-8D11-00A0C91BC942}") = "Decoder", "Decoder.vcxproj", "{8F618122-43E5-43E8-8655-0BF989C8BD1B}"
EndProject
Global
	GlobalSection(SolutionConfigurationPlatforms) = preSolution
		Debug|ARM = Debug|ARM
		Debug|x64 = Debug|x64
		Debug|x86 = Debug|x86
		Release|ARM = Release|ARM
		Release|x64 = Release|x64
		Release|x86 = Release|x86
	EndGlobalSection
	GlobalSection(ProjectConfigurationPlatforms) = postSolution
		{8F618122-43E5-43E8-8655-0BF989C8BD1B}.Debug|ARM.ActiveCfg = Debug|ARM
		{8F618122-43E5-43E8-8655-0BF989C8BD1B}.Debug|ARM.Build.0 = Debug|ARM
		{8F618122-43E5-43E8-8655-0BF989C8BD1B}.Debug|x64.ActiveCfg = Debug|x64
		{8F618122-43E5-43E8-8655-0BF989C8BD1B}.Debug|x64.Build.0 = Debug|x64
		{8F618122-43E5-43E8-8655-0BF989C8BD1B}.Debug|x86.ActiveCfg = Debug|Win32
		{8F618122-43E5-43E8-8655-0BF989C8BD1B}.Debug|x86.Build.0 = Debug|Win32
		{8F618122-43E5-43E8-8655-0BF989C8BD1B}.Release|ARM.ActiveCfg = Release|ARM
		{8F618122-43E5-43E8-8655-0BF989C8BD1B}.Release|ARM.Build.0 = Release|ARM
		{8F618122-43E5-43E8-8655-0BF989C8BD1B}.Release|x64.ActiveCfg = Release|x64
		{8F618122-43E5-43E8-8655-0BF989C8BD1B}.Release|x64.Build.0 = Release|x64
		{8F618122-43E5-43E8-8655-0BF989C8BD1B}.Release|x86.ActiveCfg = Release|Win32
		{8F618122-43E5-43E8-8655-0BF989C8BD1B}.Release|x86.Build.0 = Release|Win32
	EndGlobalSection
	GlobalSection(SolutionProperties) = preSolution
		HideSolutionNode = FALSE
	EndGlobalSection
	GlobalSection(TeamFoundationVersionControl) = preSolution
		SccNumberOfProjects = 2
		SccEnterpriseProvider = {4CA58AB2-18FA-4F8D-95D4-32DDF27D184C}
		SccTeamFoundationServer = https://megayuchi.visualstudio.com/defaultcollection
		SccLocalPath0 = .
		SccProjectUniqueName1 = Decoder.vcxproj
		SccLocalPath1 = .
	EndGlobalSection
EndGlobal
