<?xml version="1.0" encoding="utf-8"?>
<Project ToolsVersion="14.0" xmlns="http://schemas.microsoft.com/developer/msbuild/2003">
  <ItemGroup>
    <Filter Include="Resource Files">
      <UniqueIdentifier>{67DA6AB6-F800-4c08-8B7A-83BB121AAD01}</UniqueIdentifier>
      <Extensions>rc;ico;cur;bmp;dlg;rc2;rct;bin;rgs;gif;jpg;jpeg;jpe;resx;tga;tiff;tif;png;wav;mfcribbon-ms</Extensions>
    </Filter>
    <Filter Include="Decoder">
      <UniqueIdentifier>{2c89ab75-34b0-4e7a-a9c6-9e18d5bedd53}</UniqueIdentifier>
    </Filter>
    <Filter Include="Util">
      <UniqueIdentifier>{40d30126-c2d6-434e-9977-2ce6715a15fe}</UniqueIdentifier>
    </Filter>
    <Filter Include="Interface">
      <UniqueIdentifier>{e0f7bd08-7336-498f-97f1-33473dac378b}</UniqueIdentifier>
    </Filter>
    <Filter Include="PCH">
      <UniqueIdentifier>{d8efbc12-5e64-4f01-8ab1-a57a98d07fa6}</UniqueIdentifier>
    </Filter>
    <Filter Include="ffmpeg">
      <UniqueIdentifier>{00f6023a-2930-42bc-b7cb-990f5b298bd6}</UniqueIdentifier>
    </Filter>
  </ItemGroup>
  <ItemGroup>
    <ClCompile Include="dllmain.cpp" />
    <ClCompile Include="Decoder.cpp">
      <Filter>Decoder</Filter>
    </ClCompile>
    <ClCompile Include="CustomStreamFunc.cpp">
      <Filter>Decoder</Filter>
    </ClCompile>
    <ClCompile Include="DecoderThread.cpp">
      <Filter>Decoder</Filter>
    </ClCompile>
    <ClCompile Include="Util.cpp">
      <Filter>Util</Filter>
    </ClCompile>
    <ClCompile Include="pch.cpp">
      <Filter>PCH</Filter>
    </ClCompile>
    <ClCompile Include="AudioProvider.cpp" />
    <ClCompile Include="YUVQueue.cpp">
      <Filter>Decoder</Filter>
    </ClCompile>
  </ItemGroup>
  <ItemGroup>
    <ClInclude Include="targetver.h" />
    <ClInclude Include="Decoder.h">
      <Filter>Decoder</Filter>
    </ClInclude>
    <ClInclude Include="CustomStreamFunc.h">
      <Filter>Decoder</Filter>
    </ClInclude>
    <ClInclude Include="DecoderThread.h">
      <Filter>Decoder</Filter>
    </ClInclude>
    <ClInclude Include="Util.h">
      <Filter>Util</Filter>
    </ClInclude>
    <ClInclude Include="..\Common\IDecoder.h">
      <Filter>Interface</Filter>
    </ClInclude>
    <ClInclude Include="..\Common_UTIL\debug_new.h">
      <Filter>Util</Filter>
    </ClInclude>
    <ClInclude Include="pch.h">
      <Filter>PCH</Filter>
    </ClInclude>
    <ClInclude Include="AudioProvider.h" />
    <ClInclude Include="YUVQueue.h">
      <Filter>Decoder</Filter>
    </ClInclude>
    <ClInclude Include="..\Common\decoder_typedef.h">
      <Filter>Interface</Filter>
    </ClInclude>
  </ItemGroup>
  <ItemGroup>
    <None Include="Decoder.def" />
  </ItemGroup>
</Project>